{
  "version": 4,
  "terraform_version": "1.15.7",
  "serial": 15,
  "lineage": "fec668b8-2867-cfd7-728e-d28d8a59cab4",
  "outputs": {
    "id_generated": {
      "value": "MR AND MISS-duly-hopeful-vervet",
      "type": "string"
    }
  },
  "resources": [
    {
      "mode": "managed",
      "type": "local_file",
      "name": "sampleTF",
      "provider": "provider[\"registry.terraform.io/hashicorp/local\"]",
      "instances": [
        {
          "schema_version": 0,
          "attributes": {
            "content": "narnia is good",
            "content_base64": null,
            "content_base64sha256": "B7WYYn183fzgf0+sOVl+gDjgS9SpekWwSM0xEZ+YsnM=",
            "content_base64sha512": "6K2QdPNbnvNOueA5es1qfFTdq/TmyxW21OMotKKY6KmwCYgGdzvyku7yfvIiQpYfwmDAeosrou6TUtrOS+OwBg==",
            "content_md5": "a2d319a52a3c7b1b3c885c2a54a4dcd1",
            "content_sha1": "abe79262e4b66fc28b03c8390732a5882cbeea91",
            "content_sha256": "07b598627d7cddfce07f4fac39597e8038e04bd4a97a45b048cd31119f98b273",
            "content_sha512": "e8ad9074f35b9ef34eb9e0397acd6a7c54ddabf4e6cb15b6d4e328b4a298e8a9b0098806773bf292eef27ef22242961fc260c07a8b2ba2ee9352dace4be3b006",
            "directory_permission": "0777",
            "file_permission": "0777",
            "filename": "narnia",
            "id": "abe79262e4b66fc28b03c8390732a5882cbeea91",
            "sensitive_content": null,
            "source": null
          },
          "sensitive_attributes": [
            [
              {
                "type": "get_attr",
                "value": "sensitive_content"
              }
            ]
          ],
          "identity_schema_version": 0
        }
      ]
    },
    {
      "mode": "managed",
      "type": "random_pet",
      "name": "sampleT1",
      "provider": "provider[\"registry.terraform.io/hashicorp/random\"]",
      "instances": [
        {
          "schema_version": 0,
          "attributes": {
            "id": "MR AND MISS-duly-hopeful-vervet",
            "keepers": null,
            "length": 3,
            "prefix": "MR AND MISS",
            "separator": "-"
          },
          "sensitive_attributes": [],
          "identity_schema_version": 0
        }
      ]
    }
  ],
  "check_results": null
}
