{
  "version": 4,
  "terraform_version": "1.15.7",
  "serial": 44,
  "lineage": "7369b396-198a-e605-f2f4-8ba587036970",
  "outputs": {
    "local_file_sampleTF": {
      "value": "jinn",
      "type": "string"
    },
    "subject_of_content": {
      "value": "auraa",
      "type": "string"
    }
  },
  "resources": [
    {
      "mode": "managed",
      "type": "local_file",
      "name": "sampleTF",
      "provider": "provider[\"registry.terraform.io/hashicorp/local\"]",
      "instances": [
        {
          "schema_version": 0,
          "attributes": {
            "content": "auraa",
            "content_base64": null,
            "content_base64sha256": "VToPHjD6Pqe3ExcbXLNA2XHSOVriet3KtmkXRr+8Ovc=",
            "content_base64sha512": "VD5xcl2LhJcGO9v3pLewEqGxDMdP8Uu2ZO/OoodzpZbMgiqwSSTDGFYZBqATZ9RRBo5HrXJ5Pqx/23XA89cEcQ==",
            "content_md5": "cb5708ea04f5cd1b47db9c31e9cd3660",
            "content_sha1": "85f5d312f719393672516d0bcf67d26002c7a0c9",
            "content_sha256": "553a0f1e30fa3ea7b713171b5cb340d971d2395ae27addcab6691746bfbc3af7",
            "content_sha512": "543e71725d8b8497063bdbf7a4b7b012a1b10cc74ff14bb664efcea28773a596cc822ab04924c318561906a01367d451068e47ad72793eac7fdb75c0f3d70471",
            "directory_permission": "0777",
            "file_permission": "0777",
            "filename": "jinn",
            "id": "85f5d312f719393672516d0bcf67d26002c7a0c9",
            "sensitive_content": null,
            "source": null
          },
          "sensitive_attributes": [
            [
              {
                "type": "get_attr",
                "value": "sensitive_content"
              }
            ]
          ],
          "identity_schema_version": 0
        }
      ]
    },
    {
      "mode": "managed",
      "type": "random_pet",
      "name": "sampleT1",
      "provider": "provider[\"registry.terraform.io/hashicorp/random\"]",
      "instances": [
        {
          "schema_version": 0,
          "attributes": {
            "id": "logically-assured-bedbug",
            "keepers": null,
            "length": 3,
            "prefix": null,
            "separator": "-"
          },
          "sensitive_attributes": [],
          "identity_schema_version": 0
        }
      ]
    }
  ],
  "check_results": null
}
