{
  "version": 4,
  "terraform_version": "1.15.7",
  "serial": 47,
  "lineage": "7369b396-198a-e605-f2f4-8ba587036970",
  "outputs": {
    "local_file_sampleTF": {
      "value": "jinng",
      "type": "string"
    },
    "subject_of_content": {
      "value": "auraa of the jinnggg",
      "type": "string"
    }
  },
  "resources": [
    {
      "mode": "managed",
      "type": "local_file",
      "name": "sampleTF",
      "provider": "provider[\"registry.terraform.io/hashicorp/local\"]",
      "instances": [
        {
          "schema_version": 0,
          "attributes": {
            "content": "auraa of the jinnggg",
            "content_base64": null,
            "content_base64sha256": "iNzUxSzkXtQFY/Q624/oRu4SF8oHhQ5Ogc8YVcZ3rEE=",
            "content_base64sha512": "oJeIYP1bW96CvJW1SoFp7yTBmQjUsMMHU0HQEqpsP+gHhk5bFLLyq9MpbiY2FsRrGCDRvi+XbMw1eB80jHVG3w==",
            "content_md5": "5e8c3c5010ad0446d3bb51b69eaa101c",
            "content_sha1": "acd1d1f8ec42d5d8286d38450cf93ebea4eee3dd",
            "content_sha256": "88dcd4c52ce45ed40563f43adb8fe846ee1217ca07850e4e81cf1855c677ac41",
            "content_sha512": "a0978860fd5b5bde82bc95b54a8169ef24c19908d4b0c3075341d012aa6c3fe807864e5b14b2f2abd3296e263616c46b1820d1be2f976ccc35781f348c7546df",
            "directory_permission": "0777",
            "file_permission": "0777",
            "filename": "jinng",
            "id": "acd1d1f8ec42d5d8286d38450cf93ebea4eee3dd",
            "sensitive_content": null,
            "source": null
          },
          "sensitive_attributes": [
            [
              {
                "type": "get_attr",
                "value": "sensitive_content"
              }
            ]
          ],
          "identity_schema_version": 0
        }
      ]
    },
    {
      "mode": "managed",
      "type": "random_pet",
      "name": "sampleT1",
      "provider": "provider[\"registry.terraform.io/hashicorp/random\"]",
      "instances": [
        {
          "schema_version": 0,
          "attributes": {
            "id": "logically-assured-bedbug",
            "keepers": null,
            "length": 3,
            "prefix": null,
            "separator": "-"
          },
          "sensitive_attributes": [],
          "identity_schema_version": 0
        }
      ]
    }
  ],
  "check_results": null
}
