{
  "version": 4,
  "terraform_version": "1.15.7",
  "serial": 12,
  "lineage": "fec668b8-2867-cfd7-728e-d28d8a59cab4",
  "outputs": {},
  "resources": [
    {
      "mode": "managed",
      "type": "local_file",
      "name": "sampleTF",
      "provider": "provider[\"registry.terraform.io/hashicorp/local\"]",
      "instances": [
        {
          "schema_version": 0,
          "attributes": {
            "content": "june is the best lion in narnia",
            "content_base64": null,
            "content_base64sha256": "BoPhgVtQfKu3Co45xbRXbEecOoEW/AQEwTyP7+McLeY=",
            "content_base64sha512": "PTNkfRq9W55C7ZtMOnRVX+P7jt1Kk1UCF+0lPqfgTRcE/MUfkelmBz5F7j1ufV2JrvRL71H7j+BGfcjoVBywJQ==",
            "content_md5": "bf991e6f9fee1337dd157ce4f861de03",
            "content_sha1": "742bb58b28333af66b776a714419355b02086381",
            "content_sha256": "0683e1815b507cabb70a8e39c5b4576c479c3a8116fc0404c13c8fefe31c2de6",
            "content_sha512": "3d33647d1abd5b9e42ed9b4c3a74555fe3fb8edd4a93550217ed253ea7e04d1704fcc51f91e966073e45ee3d6e7d5d89aef44bef51fb8fe0467dc8e8541cb025",
            "directory_permission": "0777",
            "file_permission": "0777",
            "filename": "june",
            "id": "742bb58b28333af66b776a714419355b02086381",
            "sensitive_content": null,
            "source": null
          },
          "sensitive_attributes": [
            [
              {
                "type": "get_attr",
                "value": "sensitive_content"
              }
            ]
          ],
          "identity_schema_version": 0
        }
      ]
    },
    {
      "mode": "managed",
      "type": "random_pet",
      "name": "sampleT1",
      "provider": "provider[\"registry.terraform.io/hashicorp/random\"]",
      "instances": [
        {
          "schema_version": 0,
          "attributes": {
            "id": "MR AND MISS-duly-hopeful-vervet",
            "keepers": null,
            "length": 3,
            "prefix": "MR AND MISS",
            "separator": "-"
          },
          "sensitive_attributes": [],
          "identity_schema_version": 0
        }
      ]
    }
  ],
  "check_results": null
}
