{
  "version": 4,
  "terraform_version": "1.15.7",
  "serial": 1,
  "lineage": "3bcedb36-5052-1b63-e7d3-47c9a6c60474",
  "outputs": {},
  "resources": [
    {
      "mode": "managed",
      "type": "local_file",
      "name": "sampleTF",
      "provider": "provider[\"registry.terraform.io/hashicorp/local\"]",
      "instances": [
        {
          "schema_version": 0,
          "attributes": {
            "content": "the aura of jing is very strong",
            "content_base64": null,
            "content_base64sha256": "qXO2tKHo/iuj+QqOFk3Gwj7OuMslzpRVXogXETL8Gpc=",
            "content_base64sha512": "IRJ48uMQ+kSNs1w0+e4EYpUP1pfZEphP60TCDRXBzvTf4Ddj1QJa+P0QKxkfhKX924xZqaHe6tGuMES8eYUA7A==",
            "content_md5": "3f77b03b5a113187a2d7fa9ca98056e0",
            "content_sha1": "daf1062c3b5565720278cd46b253a9d523b830ca",
            "content_sha256": "a973b6b4a1e8fe2ba3f90a8e164dc6c23eceb8cb25ce94555e88171132fc1a97",
            "content_sha512": "211278f2e310fa448db35c34f9ee0462950fd697d912984feb44c20d15c1cef4dfe03763d5025af8fd102b191f84a5fddb8c59a9a1deead1ae3044bc798500ec",
            "directory_permission": "0777",
            "file_permission": "0777",
            "filename": "jing.txt",
            "id": "daf1062c3b5565720278cd46b253a9d523b830ca",
            "sensitive_content": null,
            "source": null
          },
          "sensitive_attributes": [
            [
              {
                "type": "get_attr",
                "value": "sensitive_content"
              }
            ]
          ],
          "identity_schema_version": 0
        }
      ]
    }
  ],
  "check_results": null
}
